{
    "_readme": [
        "This file locks the dependencies of your project to a known state",
        "Read more about it at http://getcomposer.org/doc/01-basic-usage.md#composer-lock-the-lock-file"
    ],
    "hash": "9be430cc4793fc0a8f1f76eb70c6ff48",
    "packages": [
        {
            "name": "lusitanian/oauth",
            "version": "dev-master",
            "source": {
                "type": "git",
                "url": "https://github.com/Lusitanian/PHPoAuthLib.git",
                "reference": "ce4be6012c48750ee226be55c78d15bde5b5ec8a"
            },
            "dist": {
                "type": "zip",
                "url": "https://api.github.com/repos/Lusitanian/PHPoAuthLib/zipball/ce4be6012c48750ee226be55c78d15bde5b5ec8a",
                "reference": "ce4be6012c48750ee226be55c78d15bde5b5ec8a",
                "shasum": ""
            },
            "require": {
                "php": ">=5.3.0"
            },
            "require-dev": {
                "phpunit/phpunit": "3.7.*",
                "predis/predis": "0.8.*@dev",
                "symfony/http-foundation": "~2.1"
            },
            "suggest": {
                "ext-openssl": "Allows for usage of secure connections with the stream-based HTTP client.",
                "predis/predis": "Allows using the Redis storage backend.",
                "symfony/http-foundation": "Allows using the Symfony Session storage backend."
            },
            "type": "library",
            "extra": {
                "branch-alias": {
                    "dev-master": "0.1-dev"
                }
            },
            "autoload": {
                "psr-0": {
                    "OAuth": "src",
                    "OAuth\\Unit": "tests"
                }
            },
            "notification-url": "https://packagist.org/downloads/",
            "license": [
                "MIT"
            ],
            "authors": [
                {
                    "name": "David Desberg",
                    "email": "david@daviddesberg.com"
                },
                {
                    "name": "Pieter Hordijk",
                    "email": "info@pieterhordijk.com",
                    "homepage": "https://pieterhordijk.com",
                    "role": "developer"
                }
            ],
            "description": "PHP 5.3+ oAuth 1/2 Library",
            "keywords": [
                "Authentication",
                "authorization",
                "oauth",
                "security"
            ],
            "time": "2014-02-16 17:11:21"
        }
    ],
    "packages-dev": [

    ],
    "aliases": [

    ],
    "minimum-stability": "stable",
    "stability-flags": {
        "lusitanian/oauth": 20
    },
    "platform": {
        "php": ">=5.3.0"
    },
    "platform-dev": [

    ]
}
